
Microsoft Visual Studio Solution File, Format Version 12.00
# Visual Studio Version 17
VisualStudioVersion = 17.14.36212.18 d17.14
MinimumVisualStudioVersion = 10.0.40219.1
Project("{FAE04EC0-301F-11D3-BF4B-00C04F79EFBC}") = "AzureWeb123", "AzureWeb123\AzureWeb123.csproj", "{20395A48-C43C-4FB3-818A-08D5510FB850}"
EndProject
Global
	GlobalSection(SolutionConfigurationPlatforms) = preSolution
		Debug|Any CPU = Debug|Any CPU
		Release|Any CPU = Release|Any CPU
	EndGlobalSection
	GlobalSection(ProjectConfigurationPlatforms) = postSolution
		{20395A48-C43C-4FB3-818A-08D5510FB850}.Debug|Any CPU.ActiveCfg = Debug|Any CPU
		{20395A48-C43C-4FB3-818A-08D5510FB850}.Debug|Any CPU.Build.0 = Debug|Any CPU
		{20395A48-C43C-4FB3-818A-08D5510FB850}.Release|Any CPU.ActiveCfg = Release|Any CPU
		{20395A48-C43C-4FB3-818A-08D5510FB850}.Release|Any CPU.Build.0 = Release|Any CPU
	EndGlobalSection
	GlobalSection(SolutionProperties) = preSolution
		HideSolutionNode = FALSE
	EndGlobalSection
	GlobalSection(ExtensibilityGlobals) = postSolution
		SolutionGuid = {ABFBDCAB-8A22-4B54-A1F1-C6B4C0D1E95F}
	EndGlobalSection
EndGlobal
